
Microsoft Visual Studio Solution File, Format Version 12.00
# Visual Studio 14
VisualStudioVersion = 14.0.25420.1
MinimumVisualStudioVersion = 10.0.40219.1
Project("{FAE04EC0-301F-11D3-BF4B-00C04F79EFBC}") = "AmI_Tp1", "AmI_Tp1\AmI_Tp1.csproj", "{2F6A0E59-1015-434A-BF31-83AE7876CF54}"
EndProject
Project("{FAE04EC0-301F-11D3-BF4B-00C04F79EFBC}") = "IATASentimentalAnalysis", "IATASentimentalAnalysis\IATASentimentalAnalysis.csproj", "{4AB46DB3-BD14-4377-A1B5-39B9EB1E0F59}"
EndProject
Global
	GlobalSection(SolutionConfigurationPlatforms) = preSolution
		Debug|Any CPU = Debug|Any CPU
		Release|Any CPU = Release|Any CPU
	EndGlobalSection
	GlobalSection(ProjectConfigurationPlatforms) = postSolution
		{2F6A0E59-1015-434A-BF31-83AE7876CF54}.Debug|Any CPU.ActiveCfg = Debug|Any CPU
		{2F6A0E59-1015-434A-BF31-83AE7876CF54}.Debug|Any CPU.Build.0 = Debug|Any CPU
		{2F6A0E59-1015-434A-BF31-83AE7876CF54}.Release|Any CPU.ActiveCfg = Release|Any CPU
		{2F6A0E59-1015-434A-BF31-83AE7876CF54}.Release|Any CPU.Build.0 = Release|Any CPU
		{4AB46DB3-BD14-4377-A1B5-39B9EB1E0F59}.Debug|Any CPU.ActiveCfg = Debug|Any CPU
		{4AB46DB3-BD14-4377-A1B5-39B9EB1E0F59}.Debug|Any CPU.Build.0 = Debug|Any CPU
		{4AB46DB3-BD14-4377-A1B5-39B9EB1E0F59}.Release|Any CPU.ActiveCfg = Release|Any CPU
		{4AB46DB3-BD14-4377-A1B5-39B9EB1E0F59}.Release|Any CPU.Build.0 = Release|Any CPU
	EndGlobalSection
	GlobalSection(SolutionProperties) = preSolution
		HideSolutionNode = FALSE
	EndGlobalSection
	GlobalSection(ExtensibilityGlobals) = postSolution
		SolutionGuid = {EC3B8666-5337-426F-803D-CA401D09A740}
	EndGlobalSection
EndGlobal
